// !$*UTF8*$!
{
	archiveVersion = 1;
	classes = {
	};
	objectVersion = 56;
	objects = {

/* Begin PBXBuildFile section */
		8D303F1F29AD1C7A00349D9D /* GestureRow.swift in Sources */ = {isa = PBXBuildFile; fileRef = 8D303F1E29AD1C7A00349D9D /* GestureRow.swift */; };
		8DCB7BCD29AD153A00EA598F /* Recognizing_GesturesApp.swift in Sources */ = {isa = PBXBuildFile; fileRef = 8DCB7BCC29AD153A00EA598F /* Recognizing_GesturesApp.swift */; };
		8DCB7BCF29AD153A00EA598F /* ContentView.swift in Sources */ = {isa = PBXBuildFile; fileRef = 8DCB7BCE29AD153A00EA598F /* ContentView.swift */; };
		8DCB7BD129AD153B00EA598F /* Assets.xcassets in Resources */ = {isa = PBXBuildFile; fileRef = 8DCB7BD029AD153B00EA598F /* Assets.xcassets */; };
		8DCB7BD429AD153B00EA598F /* Preview Assets.xcassets in Resources */ = {isa = PBXBuildFile; fileRef = 8DCB7BD329AD153B00EA598F /* Preview Assets.xcassets */; };
		ABEADF9B29AE733B00E6E01B /* SingleLine.swift in Sources */ = {isa = PBXBuildFile; fileRef = ABEADF9A29AE733B00E6E01B /* SingleLine.swift */; };
		ABEADF9D29AE738500E6E01B /* DragView.swift in Sources */ = {isa = PBXBuildFile; fileRef = ABEADF9C29AE738500E6E01B /* DragView.swift */; };
		ABEADF9F29AE738F00E6E01B /* LongPressVIew.swift in Sources */ = {isa = PBXBuildFile; fileRef = ABEADF9E29AE738F00E6E01B /* LongPressVIew.swift */; };
		ABEADFA129AE739A00E6E01B /* RotateView.swift in Sources */ = {isa = PBXBuildFile; fileRef = ABEADFA029AE739A00E6E01B /* RotateView.swift */; };
		ABEADFA329AE73A800E6E01B /* TapView.swift in Sources */ = {isa = PBXBuildFile; fileRef = ABEADFA229AE73A800E6E01B /* TapView.swift */; };
/* End PBXBuildFile section */

/* Begin PBXFileReference section */
		8D303F1E29AD1C7A00349D9D /* GestureRow.swift */ = {isa = PBXFileReference; lastKnownFileType = sourcecode.swift; path = GestureRow.swift; sourceTree = "<group>"; };
		8DCB7BC929AD153A00EA598F /* Recognizing Gestures.app */ = {isa = PBXFileReference; explicitFileType = wrapper.application; includeInIndex = 0; path = "Recognizing Gestures.app"; sourceTree = BUILT_PRODUCTS_DIR; };
		8DCB7BCC29AD153A00EA598F /* Recognizing_GesturesApp.swift */ = {isa = PBXFileReference; lastKnownFileType = sourcecode.swift; path = Recognizing_GesturesApp.swift; sourceTree = "<group>"; };
		8DCB7BCE29AD153A00EA598F /* ContentView.swift */ = {isa = PBXFileReference; lastKnownFileType = sourcecode.swift; path = ContentView.swift; sourceTree = "<group>"; };
		8DCB7BD029AD153B00EA598F /* Assets.xcassets */ = {isa = PBXFileReference; lastKnownFileType = folder.assetcatalog; path = Assets.xcassets; sourceTree = "<group>"; };
		8DCB7BD329AD153B00EA598F /* Preview Assets.xcassets */ = {isa = PBXFileReference; lastKnownFileType = folder.assetcatalog; path = "Preview Assets.xcassets"; sourceTree = "<group>"; };
		ABEADF9A29AE733B00E6E01B /* SingleLine.swift */ = {isa = PBXFileReference; fileEncoding = 4; lastKnownFileType = sourcecode.swift; path = SingleLine.swift; sourceTree = "<group>"; };
		ABEADF9C29AE738500E6E01B /* DragView.swift */ = {isa = PBXFileReference; fileEncoding = 4; lastKnownFileType = sourcecode.swift; path = DragView.swift; sourceTree = "<group>"; };
		ABEADF9E29AE738F00E6E01B /* LongPressVIew.swift */ = {isa = PBXFileReference; fileEncoding = 4; lastKnownFileType = sourcecode.swift; path = LongPressVIew.swift; sourceTree = "<group>"; };
		ABEADFA029AE739A00E6E01B /* RotateView.swift */ = {isa = PBXFileReference; fileEncoding = 4; lastKnownFileType = sourcecode.swift; path = RotateView.swift; sourceTree = "<group>"; };
		ABEADFA229AE73A800E6E01B /* TapView.swift */ = {isa = PBXFileReference; fileEncoding = 4; lastKnownFileType = sourcecode.swift; path = TapView.swift; sourceTree = "<group>"; };
/* End PBXFileReference section */

/* Begin PBXFrameworksBuildPhase section */
		8DCB7BC629AD153A00EA598F /* Frameworks */ = {
			isa = PBXFrameworksBuildPhase;
			buildActionMask = 2147483647;
			files = (
			);
			runOnlyForDeploymentPostprocessing = 0;
		};
/* End PBXFrameworksBuildPhase section */

/* Begin PBXGroup section */
		8DCB7BC029AD153900EA598F = {
			isa = PBXGroup;
			children = (
				8DCB7BCB29AD153A00EA598F /* Recognizing Gestures */,
				8DCB7BCA29AD153A00EA598F /* Products */,
			);
			sourceTree = "<group>";
		};
		8DCB7BCA29AD153A00EA598F /* Products */ = {
			isa = PBXGroup;
			children = (
				8DCB7BC929AD153A00EA598F /* Recognizing Gestures.app */,
			);
			name = Products;
			sourceTree = "<group>";
		};
		8DCB7BCB29AD153A00EA598F /* Recognizing Gestures */ = {
			isa = PBXGroup;
			children = (
				8DCB7BCC29AD153A00EA598F /* Recognizing_GesturesApp.swift */,
				8DCB7BCE29AD153A00EA598F /* ContentView.swift */,
				8D303F1E29AD1C7A00349D9D /* GestureRow.swift */,
				ABEADF9A29AE733B00E6E01B /* SingleLine.swift */,
				ABEADF9C29AE738500E6E01B /* DragView.swift */,
				ABEADF9E29AE738F00E6E01B /* LongPressVIew.swift */,
				ABEADFA029AE739A00E6E01B /* RotateView.swift */,
				ABEADFA229AE73A800E6E01B /* TapView.swift */,
				8DCB7BD029AD153B00EA598F /* Assets.xcassets */,
				8DCB7BD229AD153B00EA598F /* Preview Content */,
			);
			path = "Recognizing Gestures";
			sourceTree = "<group>";
		};
		8DCB7BD229AD153B00EA598F /* Preview Content */ = {
			isa = PBXGroup;
			children = (
				8DCB7BD329AD153B00EA598F /* Preview Assets.xcassets */,
			);
			path = "Preview Content";
			sourceTree = "<group>";
		};
/* End PBXGroup section */

/* Begin PBXNativeTarget section */
		8DCB7BC829AD153A00EA598F /* Recognizing Gestures */ = {
			isa = PBXNativeTarget;
			buildConfigurationList = 8DCB7BD729AD153B00EA598F /* Build configuration list for PBXNativeTarget "Recognizing Gestures" */;
			buildPhases = (
				8DCB7BC529AD153A00EA598F /* Sources */,
				8DCB7BC629AD153A00EA598F /* Frameworks */,
				8DCB7BC729AD153A00EA598F /* Resources */,
			);
			buildRules = (
			);
			dependencies = (
			);
			name = "Recognizing Gestures";
			productName = "Recognizing Gestures";
			productReference = 8DCB7BC929AD153A00EA598F /* Recognizing Gestures.app */;
			productType = "com.apple.product-type.application";
		};
/* End PBXNativeTarget section */

/* Begin PBXProject section */
		8DCB7BC129AD153900EA598F /* Project object */ = {
			isa = PBXProject;
			attributes = {
				BuildIndependentTargetsInParallel = 1;
				LastSwiftUpdateCheck = 1400;
				LastUpgradeCheck = 1400;
				TargetAttributes = {
					8DCB7BC829AD153A00EA598F = {
						CreatedOnToolsVersion = 14.0.1;
					};
				};
			};
			buildConfigurationList = 8DCB7BC429AD153900EA598F /* Build configuration list for PBXProject "Recognizing Gestures" */;
			compatibilityVersion = "Xcode 14.0";
			developmentRegion = en;
			hasScannedForEncodings = 0;
			knownRegions = (
				en,
				Base,
			);
			mainGroup = 8DCB7BC029AD153900EA598F;
			productRefGroup = 8DCB7BCA29AD153A00EA598F /* Products */;
			projectDirPath = "";
			projectRoot = "";
			targets = (
				8DCB7BC829AD153A00EA598F /* Recognizing Gestures */,
			);
		};
/* End PBXProject section */

/* Begin PBXResourcesBuildPhase section */
		8DCB7BC729AD153A00EA598F /* Resources */ = {
			isa = PBXResourcesBuildPhase;
			buildActionMask = 2147483647;
			files = (
				8DCB7BD429AD153B00EA598F /* Preview Assets.xcassets in Resources */,
				8DCB7BD129AD153B00EA598F /* Assets.xcassets in Resources */,
			);
			runOnlyForDeploymentPostprocessing = 0;
		};
/* End PBXResourcesBuildPhase section */

/* Begin PBXSourcesBuildPhase section */
		8DCB7BC529AD153A00EA598F /* Sources */ = {
			isa = PBXSourcesBuildPhase;
			buildActionMask = 2147483647;
			files = (
				ABEADFA329AE73A800E6E01B /* TapView.swift in Sources */,
				8DCB7BCF29AD153A00EA598F /* ContentView.swift in Sources */,
				ABEADF9B29AE733B00E6E01B /* SingleLine.swift in Sources */,
				ABEADFA129AE739A00E6E01B /* RotateView.swift in Sources */,
				ABEADF9F29AE738F00E6E01B /* LongPressVIew.swift in Sources */,
				8DCB7BCD29AD153A00EA598F /* Recognizing_GesturesApp.swift in Sources */,
				8D303F1F29AD1C7A00349D9D /* GestureRow.swift in Sources */,
				ABEADF9D29AE738500E6E01B /* DragView.swift in Sources */,
			);
			runOnlyForDeploymentPostprocessing = 0;
		};
/* End PBXSourcesBuildPhase section */

/* Begin XCBuildConfiguration section */
		8DCB7BD529AD153B00EA598F /* Debug */ = {
			isa = XCBuildConfiguration;
			buildSettings = {
				ALWAYS_SEARCH_USER_PATHS = NO;
				CLANG_ANALYZER_NONNULL = YES;
				CLANG_ANALYZER_NUMBER_OBJECT_CONVERSION = YES_AGGRESSIVE;
				CLANG_CXX_LANGUAGE_STANDARD = "gnu++20";
				CLANG_ENABLE_MODULES = YES;
				CLANG_ENABLE_OBJC_ARC = YES;
				CLANG_ENABLE_OBJC_WEAK = YES;
				CLANG_WARN_BLOCK_CAPTURE_AUTORELEASING = YES;
				CLANG_WARN_BOOL_CONVERSION = YES;
				CLANG_WARN_COMMA = YES;
				CLANG_WARN_CONSTANT_CONVERSION = YES;
				CLANG_WARN_DEPRECATED_OBJC_IMPLEMENTATIONS = YES;
				CLANG_WARN_DIRECT_OBJC_ISA_USAGE = YES_ERROR;
				CLANG_WARN_DOCUMENTATION_COMMENTS = YES;
				CLANG_WARN_EMPTY_BODY = YES;
				CLANG_WARN_ENUM_CONVERSION = YES;
				CLANG_WARN_INFINITE_RECURSION = YES;
				CLANG_WARN_INT_CONVERSION = YES;
				CLANG_WARN_NON_LITERAL_NULL_CONVERSION = YES;
				CLANG_WARN_OBJC_IMPLICIT_RETAIN_SELF = YES;
				CLANG_WARN_OBJC_LITERAL_CONVERSION = YES;
				CLANG_WARN_OBJC_ROOT_CLASS = YES_ERROR;
				CLANG_WARN_QUOTED_INCLUDE_IN_FRAMEWORK_HEADER = YES;
				CLANG_WARN_RANGE_LOOP_ANALYSIS = YES;
				CLANG_WARN_STRICT_PROTOTYPES = YES;
				CLANG_WARN_SUSPICIOUS_MOVE = YES;
				CLANG_WARN_UNGUARDED_AVAILABILITY = YES_AGGRESSIVE;
				CLANG_WARN_UNREACHABLE_CODE = YES;
				CLANG_WARN__DUPLICATE_METHOD_MATCH = YES;
				COPY_PHASE_STRIP = NO;
				DEBUG_INFORMATION_FORMAT = dwarf;
				ENABLE_STRICT_OBJC_MSGSEND = YES;
				ENABLE_TESTABILITY = YES;
				GCC_C_LANGUAGE_STANDARD = gnu11;
				GCC_DYNAMIC_NO_PIC = NO;
				GCC_NO_COMMON_BLOCKS = YES;
				GCC_OPTIMIZATION_LEVEL = 0;
				GCC_PREPROCESSOR_DEFINITIONS = (
					"DEBUG=1",
					"$(inherited)",
				);
				GCC_WARN_64_TO_32_BIT_CONVERSION = YES;
				GCC_WARN_ABOUT_RETURN_TYPE = YES_ERROR;
				GCC_WARN_UNDECLARED_SELECTOR = YES;
				GCC_WARN_UNINITIALIZED_AUTOS = YES_AGGRESSIVE;
				GCC_WARN_UNUSED_FUNCTION = YES;
				GCC_WARN_UNUSED_VARIABLE = YES;
				IPHONEOS_DEPLOYMENT_TARGET = 16.0;
				MTL_ENABLE_DEBUG_INFO = INCLUDE_SOURCE;
				MTL_FAST_MATH = YES;
				ONLY_ACTIVE_ARCH = YES;
				SDKROOT = iphoneos;
				SWIFT_ACTIVE_COMPILATION_CONDITIONS = DEBUG;
				SWIFT_OPTIMIZATION_LEVEL = "-Onone";
			};
			name = Debug;
		};
		8DCB7BD629AD153B00EA598F /* Release */ = {
			isa = XCBuildConfiguration;
			buildSettings = {
				ALWAYS_SEARCH_USER_PATHS = NO;
				CLANG_ANALYZER_NONNULL = YES;
				CLANG_ANALYZER_NUMBER_OBJECT_CONVERSION = YES_AGGRESSIVE;
				CLANG_CXX_LANGUAGE_STANDARD = "gnu++20";
				CLANG_ENABLE_MODULES = YES;
				CLANG_ENABLE_OBJC_ARC = YES;
				CLANG_ENABLE_OBJC_WEAK = YES;
				CLANG_WARN_BLOCK_CAPTURE_AUTORELEASING = YES;
				CLANG_WARN_BOOL_CONVERSION = YES;
				CLANG_WARN_COMMA = YES;
				CLANG_WARN_CONSTANT_CONVERSION = YES;
				CLANG_WARN_DEPRECATED_OBJC_IMPLEMENTATIONS = YES;
				CLANG_WARN_DIRECT_OBJC_ISA_USAGE = YES_ERROR;
				CLANG_WARN_DOCUMENTATION_COMMENTS = YES;
				CLANG_WARN_EMPTY_BODY = YES;
				CLANG_WARN_ENUM_CONVERSION = YES;
				CLANG_WARN_INFINITE_RECURSION = YES;
				CLANG_WARN_INT_CONVERSION = YES;
				CLANG_WARN_NON_LITERAL_NULL_CONVERSION = YES;
				CLANG_WARN_OBJC_IMPLICIT_RETAIN_SELF = YES;
				CLANG_WARN_OBJC_LITERAL_CONVERSION = YES;
				CLANG_WARN_OBJC_ROOT_CLASS = YES_ERROR;
				CLANG_WARN_QUOTED_INCLUDE_IN_FRAMEWORK_HEADER = YES;
				CLANG_WARN_RANGE_LOOP_ANALYSIS = YES;
				CLANG_WARN_STRICT_PROTOTYPES = YES;
				CLANG_WARN_SUSPICIOUS_MOVE = YES;
				CLANG_WARN_UNGUARDED_AVAILABILITY = YES_AGGRESSIVE;
				CLANG_WARN_UNREACHABLE_CODE = YES;
				CLANG_WARN__DUPLICATE_METHOD_MATCH = YES;
				COPY_PHASE_STRIP = NO;
				DEBUG_INFORMATION_FORMAT = "dwarf-with-dsym";
				ENABLE_NS_ASSERTIONS = NO;
				ENABLE_STRICT_OBJC_MSGSEND = YES;
				GCC_C_LANGUAGE_STANDARD = gnu11;
				GCC_NO_COMMON_BLOCKS = YES;
				GCC_WARN_64_TO_32_BIT_CONVERSION = YES;
				GCC_WARN_ABOUT_RETURN_TYPE = YES_ERROR;
				GCC_WARN_UNDECLARED_SELECTOR = YES;
				GCC_WARN_UNINITIALIZED_AUTOS = YES_AGGRESSIVE;
				GCC_WARN_UNUSED_FUNCTION = YES;
				GCC_WARN_UNUSED_VARIABLE = YES;
				IPHONEOS_DEPLOYMENT_TARGET = 16.0;
				MTL_ENABLE_DEBUG_INFO = NO;
				MTL_FAST_MATH = YES;
				SDKROOT = iphoneos;
				SWIFT_COMPILATION_MODE = wholemodule;
				SWIFT_OPTIMIZATION_LEVEL = "-O";
				VALIDATE_PRODUCT = YES;
			};
			name = Release;
		};
		8DCB7BD829AD153B00EA598F /* Debug */ = {
			isa = XCBuildConfiguration;
			buildSettings = {
				ASSETCATALOG_COMPILER_APPICON_NAME = AppIcon;
				ASSETCATALOG_COMPILER_GLOBAL_ACCENT_COLOR_NAME = AccentColor;
				CODE_SIGN_STYLE = Automatic;
				CURRENT_PROJECT_VERSION = 1;
				DEVELOPMENT_ASSET_PATHS = "\"Recognizing Gestures/Preview Content\"";
				ENABLE_PREVIEWS = YES;
				GENERATE_INFOPLIST_FILE = YES;
				INFOPLIST_KEY_UIApplicationSceneManifest_Generation = YES;
				INFOPLIST_KEY_UIApplicationSupportsIndirectInputEvents = YES;
				INFOPLIST_KEY_UILaunchScreen_Generation = YES;
				INFOPLIST_KEY_UISupportedInterfaceOrientations_iPad = "UIInterfaceOrientationPortrait UIInterfaceOrientationPortraitUpsideDown UIInterfaceOrientationLandscapeLeft UIInterfaceOrientationLandscapeRight";
				INFOPLIST_KEY_UISupportedInterfaceOrientations_iPhone = "UIInterfaceOrientationPortrait UIInterfaceOrientationLandscapeLeft UIInterfaceOrientationLandscapeRight";
				LD_RUNPATH_SEARCH_PATHS = (
					"$(inherited)",
					"@executable_path/Frameworks",
				);
				MARKETING_VERSION = 1.0;
				PRODUCT_BUNDLE_IDENTIFIER = "XRDS.Recognizing-Gestures";
				PRODUCT_NAME = "$(TARGET_NAME)";
				SWIFT_EMIT_LOC_STRINGS = YES;
				SWIFT_VERSION = 5.0;
				TARGETED_DEVICE_FAMILY = "1,2";
			};
			name = Debug;
		};
		8DCB7BD929AD153B00EA598F /* Release */ = {
			isa = XCBuildConfiguration;
			buildSettings = {
				ASSETCATALOG_COMPILER_APPICON_NAME = AppIcon;
				ASSETCATALOG_COMPILER_GLOBAL_ACCENT_COLOR_NAME = AccentColor;
				CODE_SIGN_STYLE = Automatic;
				CURRENT_PROJECT_VERSION = 1;
				DEVELOPMENT_ASSET_PATHS = "\"Recognizing Gestures/Preview Content\"";
				ENABLE_PREVIEWS = YES;
				GENERATE_INFOPLIST_FILE = YES;
				INFOPLIST_KEY_UIApplicationSceneManifest_Generation = YES;
				INFOPLIST_KEY_UIApplicationSupportsIndirectInputEvents = YES;
				INFOPLIST_KEY_UILaunchScreen_Generation = YES;
				INFOPLIST_KEY_UISupportedInterfaceOrientations_iPad = "UIInterfaceOrientationPortrait UIInterfaceOrientationPortraitUpsideDown UIInterfaceOrientationLandscapeLeft UIInterfaceOrientationLandscapeRight";
				INFOPLIST_KEY_UISupportedInterfaceOrientations_iPhone = "UIInterfaceOrientationPortrait UIInterfaceOrientationLandscapeLeft UIInterfaceOrientationLandscapeRight";
				LD_RUNPATH_SEARCH_PATHS = (
					"$(inherited)",
					"@executable_path/Frameworks",
				);
				MARKETING_VERSION = 1.0;
				PRODUCT_BUNDLE_IDENTIFIER = "XRDS.Recognizing-Gestures";
				PRODUCT_NAME = "$(TARGET_NAME)";
				SWIFT_EMIT_LOC_STRINGS = YES;
				SWIFT_VERSION = 5.0;
				TARGETED_DEVICE_FAMILY = "1,2";
			};
			name = Release;
		};
/* End XCBuildConfiguration section */

/* Begin XCConfigurationList section */
		8DCB7BC429AD153900EA598F /* Build configuration list for PBXProject "Recognizing Gestures" */ = {
			isa = XCConfigurationList;
			buildConfigurations = (
				8DCB7BD529AD153B00EA598F /* Debug */,
				8DCB7BD629AD153B00EA598F /* Release */,
			);
			defaultConfigurationIsVisible = 0;
			defaultConfigurationName = Release;
		};
		8DCB7BD729AD153B00EA598F /* Build configuration list for PBXNativeTarget "Recognizing Gestures" */ = {
			isa = XCConfigurationList;
			buildConfigurations = (
				8DCB7BD829AD153B00EA598F /* Debug */,
				8DCB7BD929AD153B00EA598F /* Release */,
			);
			defaultConfigurationIsVisible = 0;
			defaultConfigurationName = Release;
		};
/* End XCConfigurationList section */
	};
	rootObject = 8DCB7BC129AD153900EA598F /* Project object */;
}
